
Microsoft Visual Studio Solution File, Format Version 12.00
# Visual Studio 2013
VisualStudioVersion = 12.0.21005.1
MinimumVisualStudioVersion = 10.0.40219.1
Project("{FAE04EC0-301F-11D3-BF4B-00C04F79EFBC}") = "WSFacturacion", "WSFacturacion\WSFacturacion.csproj", "{A863D712-CBA1-4EC6-9AA6-D18A7A9C4CAC}"
EndProject
Project("{FAE04EC0-301F-11D3-BF4B-00C04F79EFBC}") = "Datos", "WSFacturacion\Datos\Datos.csproj", "{07829ADF-F634-40CD-8F1C-4F0C08187A22}"
EndProject
Project("{FAE04EC0-301F-11D3-BF4B-00C04F79EFBC}") = "Entidades", "WSFacturacion\Entidades\Entidades.csproj", "{221410F2-A91A-4A0D-8566-A17699F7201E}"
EndProject
Project("{FAE04EC0-301F-11D3-BF4B-00C04F79EFBC}") = "EntidadesSL", "WSFacturacion\EntidadesSL\EntidadesSL.csproj", "{84398530-72B7-4FCE-A78F-CDA9D6BB1B08}"
EndProject
Project("{FAE04EC0-301F-11D3-BF4B-00C04F79EFBC}") = "Negocios", "WSFacturacion\Negocios\Negocios.csproj", "{53A7D252-895F-4B68-88B2-FA859382FAF4}"
EndProject
Project("{FAE04EC0-301F-11D3-BF4B-00C04F79EFBC}") = "Utilitarios", "WSFacturacion\Utilitarios\Utilitarios.csproj", "{CB738AD2-022A-4FA7-A550-23EF70A775BF}"
EndProject
Project("{FAE04EC0-301F-11D3-BF4B-00C04F79EFBC}") = "UtilitariosSL", "WSFacturacion\UtilitariosSL\UtilitariosSL.csproj", "{000EAC66-95E2-49EA-B854-F0B15C53B1B5}"
EndProject
Project("{FAE04EC0-301F-11D3-BF4B-00C04F79EFBC}") = "Errores", "WSFacturacion\Errores\Errores.csproj", "{13D948E7-2A42-4DB9-8AD2-339EB7EB4494}"
EndProject
Global
	GlobalSection(SolutionConfigurationPlatforms) = preSolution
		Debug|Any CPU = Debug|Any CPU
		Release|Any CPU = Release|Any CPU
	EndGlobalSection
	GlobalSection(ProjectConfigurationPlatforms) = postSolution
		{A863D712-CBA1-4EC6-9AA6-D18A7A9C4CAC}.Debug|Any CPU.ActiveCfg = Debug|Any CPU
		{A863D712-CBA1-4EC6-9AA6-D18A7A9C4CAC}.Debug|Any CPU.Build.0 = Debug|Any CPU
		{A863D712-CBA1-4EC6-9AA6-D18A7A9C4CAC}.Release|Any CPU.ActiveCfg = Release|Any CPU
		{A863D712-CBA1-4EC6-9AA6-D18A7A9C4CAC}.Release|Any CPU.Build.0 = Release|Any CPU
		{07829ADF-F634-40CD-8F1C-4F0C08187A22}.Debug|Any CPU.ActiveCfg = Debug|Any CPU
		{07829ADF-F634-40CD-8F1C-4F0C08187A22}.Debug|Any CPU.Build.0 = Debug|Any CPU
		{07829ADF-F634-40CD-8F1C-4F0C08187A22}.Release|Any CPU.ActiveCfg = Release|Any CPU
		{07829ADF-F634-40CD-8F1C-4F0C08187A22}.Release|Any CPU.Build.0 = Release|Any CPU
		{221410F2-A91A-4A0D-8566-A17699F7201E}.Debug|Any CPU.ActiveCfg = Debug|Any CPU
		{221410F2-A91A-4A0D-8566-A17699F7201E}.Debug|Any CPU.Build.0 = Debug|Any CPU
		{221410F2-A91A-4A0D-8566-A17699F7201E}.Release|Any CPU.ActiveCfg = Release|Any CPU
		{221410F2-A91A-4A0D-8566-A17699F7201E}.Release|Any CPU.Build.0 = Release|Any CPU
		{84398530-72B7-4FCE-A78F-CDA9D6BB1B08}.Debug|Any CPU.ActiveCfg = Debug|Any CPU
		{84398530-72B7-4FCE-A78F-CDA9D6BB1B08}.Debug|Any CPU.Build.0 = Debug|Any CPU
		{84398530-72B7-4FCE-A78F-CDA9D6BB1B08}.Release|Any CPU.ActiveCfg = Release|Any CPU
		{84398530-72B7-4FCE-A78F-CDA9D6BB1B08}.Release|Any CPU.Build.0 = Release|Any CPU
		{53A7D252-895F-4B68-88B2-FA859382FAF4}.Debug|Any CPU.ActiveCfg = Debug|Any CPU
		{53A7D252-895F-4B68-88B2-FA859382FAF4}.Debug|Any CPU.Build.0 = Debug|Any CPU
		{53A7D252-895F-4B68-88B2-FA859382FAF4}.Release|Any CPU.ActiveCfg = Release|Any CPU
		{53A7D252-895F-4B68-88B2-FA859382FAF4}.Release|Any CPU.Build.0 = Release|Any CPU
		{CB738AD2-022A-4FA7-A550-23EF70A775BF}.Debug|Any CPU.ActiveCfg = Debug|Any CPU
		{CB738AD2-022A-4FA7-A550-23EF70A775BF}.Debug|Any CPU.Build.0 = Debug|Any CPU
		{CB738AD2-022A-4FA7-A550-23EF70A775BF}.Release|Any CPU.ActiveCfg = Release|Any CPU
		{CB738AD2-022A-4FA7-A550-23EF70A775BF}.Release|Any CPU.Build.0 = Release|Any CPU
		{000EAC66-95E2-49EA-B854-F0B15C53B1B5}.Debug|Any CPU.ActiveCfg = Debug|Any CPU
		{000EAC66-95E2-49EA-B854-F0B15C53B1B5}.Debug|Any CPU.Build.0 = Debug|Any CPU
		{000EAC66-95E2-49EA-B854-F0B15C53B1B5}.Release|Any CPU.ActiveCfg = Release|Any CPU
		{000EAC66-95E2-49EA-B854-F0B15C53B1B5}.Release|Any CPU.Build.0 = Release|Any CPU
		{13D948E7-2A42-4DB9-8AD2-339EB7EB4494}.Debug|Any CPU.ActiveCfg = Debug|Any CPU
		{13D948E7-2A42-4DB9-8AD2-339EB7EB4494}.Debug|Any CPU.Build.0 = Debug|Any CPU
		{13D948E7-2A42-4DB9-8AD2-339EB7EB4494}.Release|Any CPU.ActiveCfg = Release|Any CPU
		{13D948E7-2A42-4DB9-8AD2-339EB7EB4494}.Release|Any CPU.Build.0 = Release|Any CPU
	EndGlobalSection
	GlobalSection(SolutionProperties) = preSolution
		HideSolutionNode = FALSE
	EndGlobalSection
EndGlobal
